
Microsoft Visual Studio Solution File, Format Version 12.00
# Visual Studio 15
VisualStudioVersion = 15.0.27130.2026
MinimumVisualStudioVersion = 10.0.40219.1
Project("{FAE04EC0-301F-11D3-BF4B-00C04F79EFBC}") = "1-Singleton", "Singleton\1-Singleton.csproj", "{3EFC18EA-F1CE-4466-B2E2-D2146E4305A4}"
EndProject
Project("{FAE04EC0-301F-11D3-BF4B-00C04F79EFBC}") = "2-FactoryMethod", "FactoryMethod\2-FactoryMethod.csproj", "{03B70CF4-0748-4B7E-B416-2A713856DBE7}"
EndProject
Project("{FAE04EC0-301F-11D3-BF4B-00C04F79EFBC}") = "3-AbstractFactory", "AbstractFactory\3-AbstractFactory.csproj", "{8F09D8D5-864E-432E-9AEE-015ECD80E820}"
EndProject
Project("{FAE04EC0-301F-11D3-BF4B-00C04F79EFBC}") = "4-Prototype", "Prototype\4-Prototype.csproj", "{22DB9CF0-E365-4481-8B60-B3BFE5AA61BF}"
EndProject
Project("{FAE04EC0-301F-11D3-BF4B-00C04F79EFBC}") = "5-BuilderDeseni", "BuilderDeseni\5-BuilderDeseni.csproj", "{340B92E3-87C5-4C09-A1F4-A3EADE564863}"
EndProject
Project("{FAE04EC0-301F-11D3-BF4B-00C04F79EFBC}") = "6-Facade", "Facade\6-Facade.csproj", "{839E1CA6-CE60-4B5C-B218-CAFFE02D350D}"
EndProject
Project("{FAE04EC0-301F-11D3-BF4B-00C04F79EFBC}") = "7-AdapterDesign", "AdapterDesign\7-AdapterDesign.csproj", "{0DF5BD71-A196-471E-9CC9-050CDED1DF83}"
EndProject
Project("{FAE04EC0-301F-11D3-BF4B-00C04F79EFBC}") = "8-Composite", "Composite\8-Composite.csproj", "{B66478E3-81CB-47FF-99D7-B7E1C505A81E}"
EndProject
Project("{FAE04EC0-301F-11D3-BF4B-00C04F79EFBC}") = "9-ProxyDesign", "ProxyDesign\9-ProxyDesign.csproj", "{B078B4F3-19B9-4321-B6C3-6E8D47EC44D3}"
EndProject
Project("{FAE04EC0-301F-11D3-BF4B-00C04F79EFBC}") = "10_Decarator", "Decarator\10_Decarator.csproj", "{C0164A00-4F4F-4E49-82BA-C93249FBE760}"
EndProject
Project("{FAE04EC0-301F-11D3-BF4B-00C04F79EFBC}") = "11_Bridge", "Bridge\11_Bridge.csproj", "{12F412F8-8C8D-4DA3-8793-A2F2B2EDFB9F}"
EndProject
Project("{FAE04EC0-301F-11D3-BF4B-00C04F79EFBC}") = "12_Strategy", "Strategy\12_Strategy.csproj", "{B185E048-D49C-4AC6-8057-0EFCD1BB6191}"
EndProject
Project("{FAE04EC0-301F-11D3-BF4B-00C04F79EFBC}") = "13_Observer", "Observer\13_Observer.csproj", "{F1D5DC7F-3DE2-404B-A252-698BB7D8ABC9}"
EndProject
Project("{FAE04EC0-301F-11D3-BF4B-00C04F79EFBC}") = "14_ChainOfResponsibility", "ChainOfResponsibility\14_ChainOfResponsibility.csproj", "{681F7157-81BB-4EE4-824A-6743040905B3}"
EndProject
Project("{FAE04EC0-301F-11D3-BF4B-00C04F79EFBC}") = "15_Memento", "Memento\15_Memento.csproj", "{6761B7C6-C245-4D2F-9B81-E8DE9E5C4187}"
EndProject
Project("{FAE04EC0-301F-11D3-BF4B-00C04F79EFBC}") = "16_TemplateMethod", "TemplateMethod\16_TemplateMethod.csproj", "{C3930DCF-8B3F-4E4E-BBA7-7524C7650DB7}"
EndProject
Project("{FAE04EC0-301F-11D3-BF4B-00C04F79EFBC}") = "17_State", "17_State\17_State.csproj", "{9A502DF6-3D97-4428-B4AD-EF6EF0E4441A}"
EndProject
Project("{FAE04EC0-301F-11D3-BF4B-00C04F79EFBC}") = "18_Mediator-1", "Mediator-1\18_Mediator-1.csproj", "{5931C56E-DE78-41B7-91CC-021F33B855F9}"
EndProject
Project("{FAE04EC0-301F-11D3-BF4B-00C04F79EFBC}") = "19_Command", "19_Command\19_Command.csproj", "{CE06413F-21C9-495A-B92D-FC9FAD922FE8}"
EndProject
Project("{FAE04EC0-301F-11D3-BF4B-00C04F79EFBC}") = "191_VisitorDesign", "VisitorDesign\191_VisitorDesign.csproj", "{2ABD1E0B-BED9-4FE0-8259-B58F0A1D6C9C}"
EndProject
Project("{FAE04EC0-301F-11D3-BF4B-00C04F79EFBC}") = "192_DependencyInjection", "DependencyInjection\192_DependencyInjection.csproj", "{8F5FA223-FE0C-4074-9C1F-4FAA0F5322DF}"
EndProject
Project("{FAE04EC0-301F-11D3-BF4B-00C04F79EFBC}") = "IslemSuresiHesaplama", "IslemSuresiHesaplama\IslemSuresiHesaplama.csproj", "{E22E9E2F-9775-4212-8DB5-E3F2E536947A}"
EndProject
Project("{FAE04EC0-301F-11D3-BF4B-00C04F79EFBC}") = "193_NullObject", "NullObject\193_NullObject.csproj", "{13FC24E3-A113-42D5-9F92-D2D3AE5FE2DE}"
EndProject
Project("{FAE04EC0-301F-11D3-BF4B-00C04F79EFBC}") = "Multiton", "Multiton\Multiton.csproj", "{85F60ECA-21D2-41DC-8808-531429BA7435}"
EndProject
Global
	GlobalSection(SolutionConfigurationPlatforms) = preSolution
		Debug|Any CPU = Debug|Any CPU
		Release|Any CPU = Release|Any CPU
	EndGlobalSection
	GlobalSection(ProjectConfigurationPlatforms) = postSolution
		{3EFC18EA-F1CE-4466-B2E2-D2146E4305A4}.Debug|Any CPU.ActiveCfg = Debug|Any CPU
		{3EFC18EA-F1CE-4466-B2E2-D2146E4305A4}.Debug|Any CPU.Build.0 = Debug|Any CPU
		{3EFC18EA-F1CE-4466-B2E2-D2146E4305A4}.Release|Any CPU.ActiveCfg = Release|Any CPU
		{3EFC18EA-F1CE-4466-B2E2-D2146E4305A4}.Release|Any CPU.Build.0 = Release|Any CPU
		{03B70CF4-0748-4B7E-B416-2A713856DBE7}.Debug|Any CPU.ActiveCfg = Debug|Any CPU
		{03B70CF4-0748-4B7E-B416-2A713856DBE7}.Debug|Any CPU.Build.0 = Debug|Any CPU
		{03B70CF4-0748-4B7E-B416-2A713856DBE7}.Release|Any CPU.ActiveCfg = Release|Any CPU
		{03B70CF4-0748-4B7E-B416-2A713856DBE7}.Release|Any CPU.Build.0 = Release|Any CPU
		{8F09D8D5-864E-432E-9AEE-015ECD80E820}.Debug|Any CPU.ActiveCfg = Debug|Any CPU
		{8F09D8D5-864E-432E-9AEE-015ECD80E820}.Debug|Any CPU.Build.0 = Debug|Any CPU
		{8F09D8D5-864E-432E-9AEE-015ECD80E820}.Release|Any CPU.ActiveCfg = Release|Any CPU
		{8F09D8D5-864E-432E-9AEE-015ECD80E820}.Release|Any CPU.Build.0 = Release|Any CPU
		{22DB9CF0-E365-4481-8B60-B3BFE5AA61BF}.Debug|Any CPU.ActiveCfg = Debug|Any CPU
		{22DB9CF0-E365-4481-8B60-B3BFE5AA61BF}.Debug|Any CPU.Build.0 = Debug|Any CPU
		{22DB9CF0-E365-4481-8B60-B3BFE5AA61BF}.Release|Any CPU.ActiveCfg = Release|Any CPU
		{22DB9CF0-E365-4481-8B60-B3BFE5AA61BF}.Release|Any CPU.Build.0 = Release|Any CPU
		{340B92E3-87C5-4C09-A1F4-A3EADE564863}.Debug|Any CPU.ActiveCfg = Debug|Any CPU
		{340B92E3-87C5-4C09-A1F4-A3EADE564863}.Debug|Any CPU.Build.0 = Debug|Any CPU
		{340B92E3-87C5-4C09-A1F4-A3EADE564863}.Release|Any CPU.ActiveCfg = Release|Any CPU
		{340B92E3-87C5-4C09-A1F4-A3EADE564863}.Release|Any CPU.Build.0 = Release|Any CPU
		{839E1CA6-CE60-4B5C-B218-CAFFE02D350D}.Debug|Any CPU.ActiveCfg = Debug|Any CPU
		{839E1CA6-CE60-4B5C-B218-CAFFE02D350D}.Debug|Any CPU.Build.0 = Debug|Any CPU
		{839E1CA6-CE60-4B5C-B218-CAFFE02D350D}.Release|Any CPU.ActiveCfg = Release|Any CPU
		{839E1CA6-CE60-4B5C-B218-CAFFE02D350D}.Release|Any CPU.Build.0 = Release|Any CPU
		{0DF5BD71-A196-471E-9CC9-050CDED1DF83}.Debug|Any CPU.ActiveCfg = Debug|Any CPU
		{0DF5BD71-A196-471E-9CC9-050CDED1DF83}.Debug|Any CPU.Build.0 = Debug|Any CPU
		{0DF5BD71-A196-471E-9CC9-050CDED1DF83}.Release|Any CPU.ActiveCfg = Release|Any CPU
		{0DF5BD71-A196-471E-9CC9-050CDED1DF83}.Release|Any CPU.Build.0 = Release|Any CPU
		{B66478E3-81CB-47FF-99D7-B7E1C505A81E}.Debug|Any CPU.ActiveCfg = Debug|Any CPU
		{B66478E3-81CB-47FF-99D7-B7E1C505A81E}.Debug|Any CPU.Build.0 = Debug|Any CPU
		{B66478E3-81CB-47FF-99D7-B7E1C505A81E}.Release|Any CPU.ActiveCfg = Release|Any CPU
		{B66478E3-81CB-47FF-99D7-B7E1C505A81E}.Release|Any CPU.Build.0 = Release|Any CPU
		{B078B4F3-19B9-4321-B6C3-6E8D47EC44D3}.Debug|Any CPU.ActiveCfg = Debug|Any CPU
		{B078B4F3-19B9-4321-B6C3-6E8D47EC44D3}.Debug|Any CPU.Build.0 = Debug|Any CPU
		{B078B4F3-19B9-4321-B6C3-6E8D47EC44D3}.Release|Any CPU.ActiveCfg = Release|Any CPU
		{B078B4F3-19B9-4321-B6C3-6E8D47EC44D3}.Release|Any CPU.Build.0 = Release|Any CPU
		{C0164A00-4F4F-4E49-82BA-C93249FBE760}.Debug|Any CPU.ActiveCfg = Debug|Any CPU
		{C0164A00-4F4F-4E49-82BA-C93249FBE760}.Debug|Any CPU.Build.0 = Debug|Any CPU
		{C0164A00-4F4F-4E49-82BA-C93249FBE760}.Release|Any CPU.ActiveCfg = Release|Any CPU
		{C0164A00-4F4F-4E49-82BA-C93249FBE760}.Release|Any CPU.Build.0 = Release|Any CPU
		{12F412F8-8C8D-4DA3-8793-A2F2B2EDFB9F}.Debug|Any CPU.ActiveCfg = Debug|Any CPU
		{12F412F8-8C8D-4DA3-8793-A2F2B2EDFB9F}.Debug|Any CPU.Build.0 = Debug|Any CPU
		{12F412F8-8C8D-4DA3-8793-A2F2B2EDFB9F}.Release|Any CPU.ActiveCfg = Release|Any CPU
		{12F412F8-8C8D-4DA3-8793-A2F2B2EDFB9F}.Release|Any CPU.Build.0 = Release|Any CPU
		{B185E048-D49C-4AC6-8057-0EFCD1BB6191}.Debug|Any CPU.ActiveCfg = Debug|Any CPU
		{B185E048-D49C-4AC6-8057-0EFCD1BB6191}.Debug|Any CPU.Build.0 = Debug|Any CPU
		{B185E048-D49C-4AC6-8057-0EFCD1BB6191}.Release|Any CPU.ActiveCfg = Release|Any CPU
		{B185E048-D49C-4AC6-8057-0EFCD1BB6191}.Release|Any CPU.Build.0 = Release|Any CPU
		{F1D5DC7F-3DE2-404B-A252-698BB7D8ABC9}.Debug|Any CPU.ActiveCfg = Debug|Any CPU
		{F1D5DC7F-3DE2-404B-A252-698BB7D8ABC9}.Debug|Any CPU.Build.0 = Debug|Any CPU
		{F1D5DC7F-3DE2-404B-A252-698BB7D8ABC9}.Release|Any CPU.ActiveCfg = Release|Any CPU
		{F1D5DC7F-3DE2-404B-A252-698BB7D8ABC9}.Release|Any CPU.Build.0 = Release|Any CPU
		{681F7157-81BB-4EE4-824A-6743040905B3}.Debug|Any CPU.ActiveCfg = Debug|Any CPU
		{681F7157-81BB-4EE4-824A-6743040905B3}.Debug|Any CPU.Build.0 = Debug|Any CPU
		{681F7157-81BB-4EE4-824A-6743040905B3}.Release|Any CPU.ActiveCfg = Release|Any CPU
		{681F7157-81BB-4EE4-824A-6743040905B3}.Release|Any CPU.Build.0 = Release|Any CPU
		{6761B7C6-C245-4D2F-9B81-E8DE9E5C4187}.Debug|Any CPU.ActiveCfg = Debug|Any CPU
		{6761B7C6-C245-4D2F-9B81-E8DE9E5C4187}.Debug|Any CPU.Build.0 = Debug|Any CPU
		{6761B7C6-C245-4D2F-9B81-E8DE9E5C4187}.Release|Any CPU.ActiveCfg = Release|Any CPU
		{6761B7C6-C245-4D2F-9B81-E8DE9E5C4187}.Release|Any CPU.Build.0 = Release|Any CPU
		{C3930DCF-8B3F-4E4E-BBA7-7524C7650DB7}.Debug|Any CPU.ActiveCfg = Debug|Any CPU
		{C3930DCF-8B3F-4E4E-BBA7-7524C7650DB7}.Debug|Any CPU.Build.0 = Debug|Any CPU
		{C3930DCF-8B3F-4E4E-BBA7-7524C7650DB7}.Release|Any CPU.ActiveCfg = Release|Any CPU
		{C3930DCF-8B3F-4E4E-BBA7-7524C7650DB7}.Release|Any CPU.Build.0 = Release|Any CPU
		{9A502DF6-3D97-4428-B4AD-EF6EF0E4441A}.Debug|Any CPU.ActiveCfg = Debug|Any CPU
		{9A502DF6-3D97-4428-B4AD-EF6EF0E4441A}.Debug|Any CPU.Build.0 = Debug|Any CPU
		{9A502DF6-3D97-4428-B4AD-EF6EF0E4441A}.Release|Any CPU.ActiveCfg = Release|Any CPU
		{9A502DF6-3D97-4428-B4AD-EF6EF0E4441A}.Release|Any CPU.Build.0 = Release|Any CPU
		{5931C56E-DE78-41B7-91CC-021F33B855F9}.Debug|Any CPU.ActiveCfg = Debug|Any CPU
		{5931C56E-DE78-41B7-91CC-021F33B855F9}.Debug|Any CPU.Build.0 = Debug|Any CPU
		{5931C56E-DE78-41B7-91CC-021F33B855F9}.Release|Any CPU.ActiveCfg = Release|Any CPU
		{5931C56E-DE78-41B7-91CC-021F33B855F9}.Release|Any CPU.Build.0 = Release|Any CPU
		{CE06413F-21C9-495A-B92D-FC9FAD922FE8}.Debug|Any CPU.ActiveCfg = Debug|Any CPU
		{CE06413F-21C9-495A-B92D-FC9FAD922FE8}.Debug|Any CPU.Build.0 = Debug|Any CPU
		{CE06413F-21C9-495A-B92D-FC9FAD922FE8}.Release|Any CPU.ActiveCfg = Release|Any CPU
		{CE06413F-21C9-495A-B92D-FC9FAD922FE8}.Release|Any CPU.Build.0 = Release|Any CPU
		{2ABD1E0B-BED9-4FE0-8259-B58F0A1D6C9C}.Debug|Any CPU.ActiveCfg = Debug|Any CPU
		{2ABD1E0B-BED9-4FE0-8259-B58F0A1D6C9C}.Debug|Any CPU.Build.0 = Debug|Any CPU
		{2ABD1E0B-BED9-4FE0-8259-B58F0A1D6C9C}.Release|Any CPU.ActiveCfg = Release|Any CPU
		{2ABD1E0B-BED9-4FE0-8259-B58F0A1D6C9C}.Release|Any CPU.Build.0 = Release|Any CPU
		{8F5FA223-FE0C-4074-9C1F-4FAA0F5322DF}.Debug|Any CPU.ActiveCfg = Debug|Any CPU
		{8F5FA223-FE0C-4074-9C1F-4FAA0F5322DF}.Debug|Any CPU.Build.0 = Debug|Any CPU
		{8F5FA223-FE0C-4074-9C1F-4FAA0F5322DF}.Release|Any CPU.ActiveCfg = Release|Any CPU
		{8F5FA223-FE0C-4074-9C1F-4FAA0F5322DF}.Release|Any CPU.Build.0 = Release|Any CPU
		{E22E9E2F-9775-4212-8DB5-E3F2E536947A}.Debug|Any CPU.ActiveCfg = Debug|Any CPU
		{E22E9E2F-9775-4212-8DB5-E3F2E536947A}.Debug|Any CPU.Build.0 = Debug|Any CPU
		{E22E9E2F-9775-4212-8DB5-E3F2E536947A}.Release|Any CPU.ActiveCfg = Release|Any CPU
		{E22E9E2F-9775-4212-8DB5-E3F2E536947A}.Release|Any CPU.Build.0 = Release|Any CPU
		{13FC24E3-A113-42D5-9F92-D2D3AE5FE2DE}.Debug|Any CPU.ActiveCfg = Debug|Any CPU
		{13FC24E3-A113-42D5-9F92-D2D3AE5FE2DE}.Debug|Any CPU.Build.0 = Debug|Any CPU
		{13FC24E3-A113-42D5-9F92-D2D3AE5FE2DE}.Release|Any CPU.ActiveCfg = Release|Any CPU
		{13FC24E3-A113-42D5-9F92-D2D3AE5FE2DE}.Release|Any CPU.Build.0 = Release|Any CPU
		{85F60ECA-21D2-41DC-8808-531429BA7435}.Debug|Any CPU.ActiveCfg = Debug|Any CPU
		{85F60ECA-21D2-41DC-8808-531429BA7435}.Debug|Any CPU.Build.0 = Debug|Any CPU
		{85F60ECA-21D2-41DC-8808-531429BA7435}.Release|Any CPU.ActiveCfg = Release|Any CPU
		{85F60ECA-21D2-41DC-8808-531429BA7435}.Release|Any CPU.Build.0 = Release|Any CPU
	EndGlobalSection
	GlobalSection(SolutionProperties) = preSolution
		HideSolutionNode = FALSE
	EndGlobalSection
	GlobalSection(ExtensibilityGlobals) = postSolution
		SolutionGuid = {50A3E53F-8807-40D9-8636-02359C40611A}
	EndGlobalSection
EndGlobal
